version = 1
revision = 3
requires-python = ">=3.10"
resolution-markers = [
    "python_full_version >= '3.12'",
    "python_full_version == '3.11.*'",
    "python_full_version < '3.11'",
]

[[package]]
name = "cfgv"
version = "3.4.0"
source = { registry = "https://pypi.org/simple" }
sdist = { url = "https://files.pythonhosted.org/packages/11/74/539e56497d9bd1d484fd863dd69cbbfa653cd2aa27abfe35653494d85e94/cfgv-3.4.0.tar.gz", hash = "sha256:e52591d4c5f5dead8e0f673fb16db7949d2cfb3f7da4582893288f0ded8fe560", size = 7114, upload-time = "2023-08-12T20:38:17.776Z" }
wheels = [
    { url = "https://files.pythonhosted.org/packages/c5/55/51844dd50c4fc7a33b653bfaba4c2456f06955289ca770a5dbd5fd267374/cfgv-3.4.0-py2.py3-none-any.whl", hash = "sha256:b7265b1f29fd3316bfcd2b330d63d024f2bfd8bcb8b0272f8e19a504856c48f9", size = 7249, upload-time = "2023-08-12T20:38:16.269Z" },
]

[[package]]
name = "clang-format"
version = "21.1.5"
source = { registry = "https://pypi.org/simple" }
sdist = { url = "https://files.pythonhosted.org/packages/50/03/671aa4b862a48d269198f5508e0a13b93640110cf2683f1236b3e477238f/clang_format-21.1.5.tar.gz", hash = "sha256:f9bb4ffe8eaf8288bc29e97f7c8ab027ca66b9dd18d09ef0c8e6ae26ad5973dc", size = 11503, upload-time = "2025-11-04T14:43:45.664Z" }
wheels = [
    { url = "https://files.pythonhosted.org/packages/86/40/737f6fc4911feb0dab41d6162e4d340aaea3b37d2a37acb81614f85429ea/clang_format-21.1.5-py2.py3-none-macosx_10_9_x86_64.whl", hash = "sha256:4006bffaf7a3adef7251832e9db0b934739dea45398a5cd2e6ca7de6d0b2adc6", size = 1440087, upload-time = "2025-11-04T14:43:20.593Z" },
    { url = "https://files.pythonhosted.org/packages/08/21/62edf9182042140288e430c9b8d16e5ae3e1e76c657faa332a875da6f953/clang_format-21.1.5-py2.py3-none-macosx_11_0_arm64.whl", hash = "sha256:e65f6baf4da56f9a47efbf7f843d81cda9cc0f8ac009c15cdacf488d1ccf72b2", size = 1458672, upload-time = "2025-11-04T14:43:22.573Z" },
    { url = "https://files.pythonhosted.org/packages/31/f5/8abed68eadf9a6d3ecf022e5f797d3abc470be5f24b99eb81d213cd86fba/clang_format-21.1.5-py2.py3-none-manylinux_2_26_aarch64.manylinux_2_28_aarch64.whl", hash = "sha256:b26a4e8b9066687718fcc2273e697496b7a0ed6512054f9f85e5cdbf795f78ad", size = 1725381, upload-time = "2025-11-04T14:43:23.913Z" },
    { url = "https://files.pythonhosted.org/packages/c4/4f/2ce2b95d1b2e2848fe57edf969a046365ffb1f60d7b35fcc049455318e6d/clang_format-21.1.5-py2.py3-none-manylinux_2_26_i686.manylinux_2_28_i686.whl", hash = "sha256:343bf540adabb64084bf3d6f6745aa8b62dbbd21919a4a087f5c0378f32ce592", size = 1856353, upload-time = "2025-11-04T14:43:25.432Z" },
    { url = "https://files.pythonhosted.org/packages/71/d2/6006629d2f2f9c5451a06f8ad6962cf9844eb84d87ba6365b9a0c978168e/clang_format-21.1.5-py2.py3-none-manylinux_2_26_ppc64le.manylinux_2_28_ppc64le.whl", hash = "sha256:26809f83d1b800ee523cb24485e148fcb743fe483ea94c6ff258b05ea6d93273", size = 2031186, upload-time = "2025-11-04T14:43:26.807Z" },
    { url = "https://files.pythonhosted.org/packages/e5/83/3a212321bece6ad89ebb57f75349ec517a135c9417840bc2b9f26214f589/clang_format-21.1.5-py2.py3-none-manylinux_2_26_s390x.manylinux_2_28_s390x.whl", hash = "sha256:e7676a5f2f58e619bb82a1924e25612f47b39fe08bd2c29ed2cf34c46598518d", size = 2047560, upload-time = "2025-11-04T14:43:28.465Z" },
    { url = "https://files.pythonhosted.org/packages/0f/b7/e550c9eb57c9e958f8957a8da5d8a842946f0f0ccfcecb5d742882b4c4ba/clang_format-21.1.5-py2.py3-none-manylinux_2_27_x86_64.manylinux_2_28_x86_64.whl", hash = "sha256:4b50d3830d145ef1d56f8b893e0a2a5a95f289fe857b39dc164028944692e29e", size = 1804646, upload-time = "2025-11-04T14:43:30.156Z" },
    { url = "https://files.pythonhosted.org/packages/ed/ce/9dc2ad963721628398fdc1dcffff4509954bf0b947492f0edb27d03d3c50/clang_format-21.1.5-py2.py3-none-manylinux_2_31_armv7l.whl", hash = "sha256:21c1908026a2838eef11b43f43fb493f61d2746cbe61d6328a00453ecba4c4b9", size = 1643375, upload-time = "2025-11-04T14:43:31.624Z" },
    { url = "https://files.pythonhosted.org/packages/3c/a4/eef6d2bffe435acbd55a2a7460079a8898057527bb00dccff6a24ee1b777/clang_format-21.1.5-py2.py3-none-musllinux_1_2_aarch64.whl", hash = "sha256:d6b1f661e3e419e837c448f1b779fba72f6fad412864894471a883eb8361e041", size = 2700836, upload-time = "2025-11-04T14:43:32.848Z" },
    { url = "https://files.pythonhosted.org/packages/13/68/13cb90f4c79f6e4859855aec8c6332fc6d90e95083d564264632871cc62d/clang_format-21.1.5-py2.py3-none-musllinux_1_2_armv7l.whl", hash = "sha256:3f44c4134ada0370ba8fc4559c78cff3ffb66b062ce579daf8c8774bef3db067", size = 2480308, upload-time = "2025-11-04T14:43:34.215Z" },
    { url = "https://files.pythonhosted.org/packages/9b/83/b46c6d866946d18cef06d694b513f55f28ee2c6b26e8ce6e5f4ad2703312/clang_format-21.1.5-py2.py3-none-musllinux_1_2_i686.whl", hash = "sha256:c42ecb21c259447c85ff49c576f7f0d44ea26fe05e7b3ad689b64ce8e4d3a2f1", size = 2952701, upload-time = "2025-11-04T14:43:35.508Z" },
    { url = "https://files.pythonhosted.org/packages/fd/5f/e658246df102f5a792cb31cd840b2478a6ce05cc60fb9c70798b51f8b553/clang_format-21.1.5-py2.py3-none-musllinux_1_2_ppc64le.whl", hash = "sha256:17702d3dbc4caab80089c64474dc009e2dc890a5acd7523d3fb18f40a1b8221c", size = 3075291, upload-time = "2025-11-04T14:43:36.975Z" },
    { url = "https://files.pythonhosted.org/packages/7c/72/9b2c0ce4b6ccdd9e8749d41f41d7a4cb2fe8e657f73343ce22f4a89c7196/clang_format-21.1.5-py2.py3-none-musllinux_1_2_s390x.whl", hash = "sha256:fd07eb9f6a411444ac4f598f7f7a615b1ce2f9ca34cf6585889d556e9e8b7ed4", size = 3159732, upload-time = "2025-11-04T14:43:38.403Z" },
    { url = "https://files.pythonhosted.org/packages/a0/b2/b53010077f5094d4108f3e03934534fe82f600308b4bb662dbe1ea703dca/clang_format-21.1.5-py2.py3-none-musllinux_1_2_x86_64.whl", hash = "sha256:c91258930a636b22e5e01d93e2e309c4c954d88ffb01b2f8fc76d60e7e49683c", size = 2811608, upload-time = "2025-11-04T14:43:39.777Z" },
    { url = "https://files.pythonhosted.org/packages/8d/6b/86601862c71e49a238c366d787c5105f882e4235898dbf05d3aa7d31e532/clang_format-21.1.5-py2.py3-none-win32.whl", hash = "sha256:466c279bba4697b3d50f4dff4c0996dfc32a592bd0cb1cd94e36491588e1def2", size = 1271027, upload-time = "2025-11-04T14:43:41.309Z" },
    { url = "https://files.pythonhosted.org/packages/41/61/1e81c3886e28c75fb05f6345f3c2e920233f6e4dae7471afbf3b38f37c5f/clang_format-21.1.5-py2.py3-none-win_amd64.whl", hash = "sha256:7ef2a34f2a13e5f5161892743ee5437967331ca8195b832bdcc369f897fb8895", size = 1426196, upload-time = "2025-11-04T14:43:42.615Z" },
    { url = "https://files.pythonhosted.org/packages/2f/81/6cfa6a846212fd20fdb39b99200263a3ed3c76ef2b9a44a2f7edfc08fee8/clang_format-21.1.5-py2.py3-none-win_arm64.whl", hash = "sha256:6ad6e4e608ce64ac304e8e18467c318ed921295865d3e477c56636fe3388548a", size = 1327063, upload-time = "2025-11-04T14:43:43.931Z" },
]

[[package]]
name = "clang-tidy"
version = "21.1.1"
source = { registry = "https://pypi.org/simple" }
sdist = { url = "https://files.pythonhosted.org/packages/5b/da/b41302a0ef0d5df37af66aa5c1329d5db06e2cc23fae1f12fabbc1e535b3/clang_tidy-21.1.1.tar.gz", hash = "sha256:144c21ab1c5343e3636e48c8ecf588111563eab04efd0f99077e3e4c239502b2", size = 11300, upload-time = "2025-09-25T13:12:26.819Z" }
wheels = [
    { url = "https://files.pythonhosted.org/packages/7a/81/7d2ab48da91a22268c08d1c586875b4870bf9c65b377fea0169a5a69de6c/clang_tidy-21.1.1-py2.py3-none-macosx_10_9_x86_64.whl", hash = "sha256:3edaa98d95c20b71013e761426ed471b817aa8a0d373d1c9578a596ac85fbe1e", size = 28779633, upload-time = "2025-09-25T13:11:59.418Z" },
    { url = "https://files.pythonhosted.org/packages/62/c5/7504b7da3941acdabf417d4f84c0fcd94680f7d4db97895f8fcb34f3e905/clang_tidy-21.1.1-py2.py3-none-macosx_11_0_arm64.whl", hash = "sha256:817e2a3e73bcb71e4b990df16ae004268d11b4905288f73f2c8ae9c28f31c8c1", size = 27715942, upload-time = "2025-09-25T13:12:02.481Z" },
    { url = "https://files.pythonhosted.org/packages/f1/56/60e0511449b551f356a74fa4120f9bc614034a41796c5b4c92a3adaa661c/clang_tidy-21.1.1-py2.py3-none-manylinux_2_17_aarch64.manylinux2014_aarch64.whl", hash = "sha256:5edb71714a64b1f2bc51d62bfb3ad39fae7e9c7362ac149f9d7226aaec74d77b", size = 38890703, upload-time = "2025-09-25T13:12:05.45Z" },
    { url = "https://files.pythonhosted.org/packages/da/4a/89f403807ebf7fd735a83dc7f2d5292441d5ba975d581516019f55a934e2/clang_tidy-21.1.1-py2.py3-none-manylinux_2_17_i686.manylinux2014_i686.whl", hash = "sha256:8a5b695dbb406c0648745ea48f7786dd7c6646c1a27caa62dfaceaedb5d013be", size = 45139116, upload-time = "2025-09-25T13:12:08.62Z" },
    { url = "https://files.pythonhosted.org/packages/b7/eb/a5bbb8c42dab5860ab38d8736ce803b3bee707d6ed6235dbe04837074b47/clang_tidy-21.1.1-py2.py3-none-manylinux_2_17_x86_64.manylinux2014_x86_64.whl", hash = "sha256:c1e31eed946b8fc6730a426ca818cb9de5ecb6344223cafe6a4da7b05fd3bb32", size = 39543566, upload-time = "2025-09-25T13:12:11.871Z" },
    { url = "https://files.pythonhosted.org/packages/c9/20/02a575eb09834fac110fcf247dacbdd4489f0695cbc1ecf34ef344911ff5/clang_tidy-21.1.1-py2.py3-none-musllinux_1_2_i686.whl", hash = "sha256:ead452d118a0150a2a1737e8b42263fc6e94d478d96812de1b82a54f199cf513", size = 48021552, upload-time = "2025-09-25T13:12:15.644Z" },
    { url = "https://files.pythonhosted.org/packages/6e/c9/159e1c13c9e809eec19e1208b91f1f99bc50ebcdf0981243ac60d459f5bc/clang_tidy-21.1.1-py2.py3-none-musllinux_1_2_x86_64.whl", hash = "sha256:66c71b7751f721bb1b3da253360894b7677988b3d413acdbe1ac02b82aedc0ca", size = 42996200, upload-time = "2025-09-25T13:12:18.989Z" },
    { url = "https://files.pythonhosted.org/packages/5f/b6/e83a83ecc88287cbc1446715e3093d80393383c06d4b057b42f2869b0dd6/clang_tidy-21.1.1-py2.py3-none-win32.whl", hash = "sha256:ad544c4f90d1ac0875dd35b787752d2d051d15666dfb665fb9b9bc8446db2e49", size = 21022576, upload-time = "2025-09-25T13:12:22Z" },
    { url = "https://files.pythonhosted.org/packages/33/fa/2c7f6d84b8a8c49ba5b70b47cd8053e027a0ab99d0e75606cee673f5079b/clang_tidy-21.1.1-py2.py3-none-win_amd64.whl", hash = "sha256:5aa4f726e32eb63010820493628da808394cdff5956828a5889e3b7a71a78c20", size = 23796782, upload-time = "2025-09-25T13:12:24.429Z" },
]

[[package]]
name = "cmake"
version = "4.1.2"
source = { registry = "https://pypi.org/simple" }
sdist = { url = "https://files.pythonhosted.org/packages/df/c1/943920ae1814d51137c538d2e9d8ef7133e49012129f2e4a658725bae931/cmake-4.1.2.tar.gz", hash = "sha256:bee98458447b3a3b937b72849489e6e37ba0076d46df2fbb3af26739e1a3ed10", size = 35002, upload-time = "2025-10-23T17:05:14.343Z" }
wheels = [
    { url = "https://files.pythonhosted.org/packages/ca/f7/f28a1df8d35cb6e37ff087e9f995cc0253ab1ffc55b12cf276436db4d392/cmake-4.1.2-py3-none-macosx_10_10_universal2.whl", hash = "sha256:415396a7320856c64bd27ca00950b2bbb161604bff60ae5ebf256e2ca08b81ab", size = 49242707, upload-time = "2025-10-23T17:04:22.175Z" },
    { url = "https://files.pythonhosted.org/packages/84/b3/020fd0905286448154d75d4cd9ff1573af6a38d20f9e3279420af7444302/cmake-4.1.2-py3-none-manylinux2014_aarch64.manylinux_2_17_aarch64.whl", hash = "sha256:b608042882f79ad2b92ce44bc1f1266882b7784f8feab313ae0b6c735379bd4c", size = 30379090, upload-time = "2025-10-23T17:04:25.547Z" },
    { url = "https://files.pythonhosted.org/packages/78/7b/64977cf05e0a0880c693cb10c06ca4ff9e6fcd6f791c38ebc9604a8aba9e/cmake-4.1.2-py3-none-manylinux2014_i686.manylinux_2_17_i686.whl", hash = "sha256:96f5b0b2685137a3fd37f73cce04dcfc1cc05208be5890460fcd9f2033364df8", size = 30778335, upload-time = "2025-10-23T17:04:28.22Z" },
    { url = "https://files.pythonhosted.org/packages/57/d7/c218bba6ea3e7c4a35e0d4669e64dac63d7b581dba12cbb4984535ddd373/cmake-4.1.2-py3-none-manylinux2014_ppc64le.manylinux_2_17_ppc64le.whl", hash = "sha256:4bdf265e908ae18a318e5e1b7f796ba4b80ec0e5d53b3bf82f503786cab3a8ce", size = 32611311, upload-time = "2025-10-23T17:04:31.121Z" },
    { url = "https://files.pythonhosted.org/packages/92/7d/26cd09d5332face45b51bed70f4e84eb3fae45f07a57e115d3eb38b260ee/cmake-4.1.2-py3-none-manylinux2014_s390x.manylinux_2_17_s390x.whl", hash = "sha256:3e9dcc042d4b41bab6a5b5d3c3144a73009cffd6f390b4ea7b3971967caa2f7d", size = 28574063, upload-time = "2025-10-23T17:04:33.938Z" },
    { url = "https://files.pythonhosted.org/packages/f3/56/0fc4d83f212cef10b7bbf6c5043e4582af80ad2aef6905e0dc33fbf68b11/cmake-4.1.2-py3-none-manylinux2014_x86_64.manylinux_2_17_x86_64.whl", hash = "sha256:7587a2b2ce48df1fd68a68657b6c5a711b467c346812e46dfb9cd996cd6e2352", size = 29689505, upload-time = "2025-10-23T17:04:36.823Z" },
    { url = "https://files.pythonhosted.org/packages/e5/94/36aeff32c154aff0efad4afd709a5ceea8f129c0ce077332bba825629e66/cmake-4.1.2-py3-none-manylinux_2_31_armv7l.whl", hash = "sha256:fe6a4f95d90deeb4c63818d6a3a601d038b06d535ebd13515f41814ae9c7a9ae", size = 26520292, upload-time = "2025-10-23T17:04:39.495Z" },
    { url = "https://files.pythonhosted.org/packages/ed/3c/9aab5d28b7a77407d2f0d262c1a421f5fc3c9e965331bf5eed41f840c430/cmake-4.1.2-py3-none-manylinux_2_35_riscv64.whl", hash = "sha256:6d5e09cf9b5aded14c1e271b09b0d0749b4db38002d5715ab626695b1baaf0cb", size = 28864737, upload-time = "2025-10-23T17:04:42.207Z" },
    { url = "https://files.pythonhosted.org/packages/15/ff/20fe2c175d118af784c895cd35070932f3081e264d997425afc14d14f3d5/cmake-4.1.2-py3-none-musllinux_1_2_aarch64.whl", hash = "sha256:ec978480e11a2c2591d54ed4e92a911913a85d805bd3d6311eb51dbcd22b8697", size = 41750603, upload-time = "2025-10-23T17:04:44.743Z" },
    { url = "https://files.pythonhosted.org/packages/18/3a/54cbd634316796bdf71c757075bccf040e8ba9b5b848054e78ccb29d8c30/cmake-4.1.2-py3-none-musllinux_1_2_armv7l.whl", hash = "sha256:1034d0670581149981138609fe993dd791b92992e8a57c1b92ab9b3d818b6069", size = 35038480, upload-time = "2025-10-23T17:04:47.734Z" },
    { url = "https://files.pythonhosted.org/packages/a6/cf/48861dc2258eb493015bf4e5a91631d36c690fd386e456c4b196fbbe9bbf/cmake-4.1.2-py3-none-musllinux_1_2_i686.whl", hash = "sha256:d24040de733cfd8adc005dfdf5a532b01e991fde94eda6bed289538fd0b31fe1", size = 45807724, upload-time = "2025-10-23T17:04:50.471Z" },
    { url = "https://files.pythonhosted.org/packages/23/6c/ae53376a018d41adafeb2bb18ad3f8df7afe466066219266a7497335e3ee/cmake-4.1.2-py3-none-musllinux_1_2_ppc64le.whl", hash = "sha256:c19f2d56a1cf50bfb7d3b736707419cf1fab14b5d22d5452f8cf7b8c1208df01", size = 45857541, upload-time = "2025-10-23T17:04:53.432Z" },
    { url = "https://files.pythonhosted.org/packages/5a/fe/122d0b8b4ee096c1c5f26aed62a3613218c2581102119aa23206eaefc6b4/cmake-4.1.2-py3-none-musllinux_1_2_riscv64.whl", hash = "sha256:f0676a6357957a1e3391815385d6494438b1ad2df97928727ce9e5080a1d38f1", size = 39944857, upload-time = "2025-10-23T17:04:56.452Z" },
    { url = "https://files.pythonhosted.org/packages/f9/36/eb6ffeef092bc94a8eecea3bedd06d624929b2e932d04e07132fbeb4e46b/cmake-4.1.2-py3-none-musllinux_1_2_s390x.whl", hash = "sha256:56d1afbb5f7d8e588b7f384c323eff93aff7846666d7db18b7851b870ac1f8ea", size = 44015414, upload-time = "2025-10-23T17:04:59.538Z" },
    { url = "https://files.pythonhosted.org/packages/3f/91/6ce95bd9d1919e1f6a1acd8f1a8275b86f5281aa160dcfa4262d10b4cc16/cmake-4.1.2-py3-none-musllinux_1_2_x86_64.whl", hash = "sha256:679cc0e1cc7227ead59f7126b27a9df44f3273c2952ab720f94e5dc5a3e26bd0", size = 43355825, upload-time = "2025-10-23T17:05:02.668Z" },
    { url = "https://files.pythonhosted.org/packages/14/d7/1ae5a70ff7557042486ce64f6f5876c6dfd8405b4ea322d0342829ff3696/cmake-4.1.2-py3-none-win32.whl", hash = "sha256:d7ecea15c2cae907966adf64e16ede1dae3adf67ce176d70279a968b01b6cba4", size = 34263636, upload-time = "2025-10-23T17:05:05.466Z" },
    { url = "https://files.pythonhosted.org/packages/be/36/77db223c6619aa11817040d9b0a9c232c9e26c86780cd676ff83e110ae73/cmake-4.1.2-py3-none-win_amd64.whl", hash = "sha256:0a5edb762341220649794580b3b9608ea782b5ba6a3f7fe4e21eb4a4f705ec39", size = 37541253, upload-time = "2025-10-23T17:05:08.75Z" },
    { url = "https://files.pythonhosted.org/packages/70/8b/04c7770f6397397b1635ff238f561a2b72ddc8884ad7d4820f6bb28110b5/cmake-4.1.2-py3-none-win_arm64.whl", hash = "sha256:a1d4ab14b8274c85ba28de739bbf212efc267286d8908e8224e0dfff667a3a5e", size = 36331299, upload-time = "2025-10-23T17:05:11.722Z" },
]

[[package]]
name = "distlib"
version = "0.4.0"
source = { registry = "https://pypi.org/simple" }
sdist = { url = "https://files.pythonhosted.org/packages/96/8e/709914eb2b5749865801041647dc7f4e6d00b549cfe88b65ca192995f07c/distlib-0.4.0.tar.gz", hash = "sha256:feec40075be03a04501a973d81f633735b4b69f98b05450592310c0f401a4e0d", size = 614605, upload-time = "2025-07-17T16:52:00.465Z" }
wheels = [
    { url = "https://files.pythonhosted.org/packages/33/6b/e0547afaf41bf2c42e52430072fa5658766e3d65bd4b03a563d1b6336f57/distlib-0.4.0-py2.py3-none-any.whl", hash = "sha256:9659f7d87e46584a30b5780e43ac7a2143098441670ff0a49d5f9034c54a6c16", size = 469047, upload-time = "2025-07-17T16:51:58.613Z" },
]

[[package]]
name = "filelock"
version = "3.20.0"
source = { registry = "https://pypi.org/simple" }
sdist = { url = "https://files.pythonhosted.org/packages/58/46/0028a82567109b5ef6e4d2a1f04a583fb513e6cf9527fcdd09afd817deeb/filelock-3.20.0.tar.gz", hash = "sha256:711e943b4ec6be42e1d4e6690b48dc175c822967466bb31c0c293f34334c13f4", size = 18922, upload-time = "2025-10-08T18:03:50.056Z" }
wheels = [
    { url = "https://files.pythonhosted.org/packages/76/91/7216b27286936c16f5b4d0c530087e4a54eead683e6b0b73dd0c64844af6/filelock-3.20.0-py3-none-any.whl", hash = "sha256:339b4732ffda5cd79b13f4e2711a31b0365ce445d95d243bb996273d072546a2", size = 16054, upload-time = "2025-10-08T18:03:48.35Z" },
]

[[package]]
name = "identify"
version = "2.6.15"
source = { registry = "https://pypi.org/simple" }
sdist = { url = "https://files.pythonhosted.org/packages/ff/e7/685de97986c916a6d93b3876139e00eef26ad5bbbd61925d670ae8013449/identify-2.6.15.tar.gz", hash = "sha256:e4f4864b96c6557ef2a1e1c951771838f4edc9df3a72ec7118b338801b11c7bf", size = 99311, upload-time = "2025-10-02T17:43:40.631Z" }
wheels = [
    { url = "https://files.pythonhosted.org/packages/0f/1c/e5fd8f973d4f375adb21565739498e2e9a1e54c858a97b9a8ccfdc81da9b/identify-2.6.15-py2.py3-none-any.whl", hash = "sha256:1181ef7608e00704db228516541eb83a88a9f94433a8c80bb9b5bd54b1d81757", size = 99183, upload-time = "2025-10-02T17:43:39.137Z" },
]

[[package]]
name = "nccl-tutorial"
version = "0.1.0"
source = { virtual = "." }
dependencies = [
    { name = "clang-format" },
    { name = "clang-tidy" },
    { name = "cmake" },
    { name = "pre-commit" },
]

[package.metadata]
requires-dist = [
    { name = "clang-format", specifier = ">=21.1.5" },
    { name = "clang-tidy", specifier = ">=21.1.1" },
    { name = "cmake", specifier = ">=4.1.2" },
    { name = "pre-commit", specifier = ">=4.4.0" },
]

[[package]]
name = "nodeenv"
version = "1.9.1"
source = { registry = "https://pypi.org/simple" }
sdist = { url = "https://files.pythonhosted.org/packages/43/16/fc88b08840de0e0a72a2f9d8c6bae36be573e475a6326ae854bcc549fc45/nodeenv-1.9.1.tar.gz", hash = "sha256:6ec12890a2dab7946721edbfbcd91f3319c6ccc9aec47be7c7e6b7011ee6645f", size = 47437, upload-time = "2024-06-04T18:44:11.171Z" }
wheels = [
    { url = "https://files.pythonhosted.org/packages/d2/1d/1b658dbd2b9fa9c4c9f32accbfc0205d532c8c6194dc0f2a4c0428e7128a/nodeenv-1.9.1-py2.py3-none-any.whl", hash = "sha256:ba11c9782d29c27c70ffbdda2d7415098754709be8a7056d79a737cd901155c9", size = 22314, upload-time = "2024-06-04T18:44:08.352Z" },
]

[[package]]
name = "platformdirs"
version = "4.5.0"
source = { registry = "https://pypi.org/simple" }
sdist = { url = "https://files.pythonhosted.org/packages/61/33/9611380c2bdb1225fdef633e2a9610622310fed35ab11dac9620972ee088/platformdirs-4.5.0.tar.gz", hash = "sha256:70ddccdd7c99fc5942e9fc25636a8b34d04c24b335100223152c2803e4063312", size = 21632, upload-time = "2025-10-08T17:44:48.791Z" }
wheels = [
    { url = "https://files.pythonhosted.org/packages/73/cb/ac7874b3e5d58441674fb70742e6c374b28b0c7cb988d37d991cde47166c/platformdirs-4.5.0-py3-none-any.whl", hash = "sha256:e578a81bb873cbb89a41fcc904c7ef523cc18284b7e3b3ccf06aca1403b7ebd3", size = 18651, upload-time = "2025-10-08T17:44:47.223Z" },
]

[[package]]
name = "pre-commit"
version = "4.4.0"
source = { registry = "https://pypi.org/simple" }
dependencies = [
    { name = "cfgv" },
    { name = "identify" },
    { name = "nodeenv" },
    { name = "pyyaml" },
    { name = "virtualenv" },
]
sdist = { url = "https://files.pythonhosted.org/packages/a6/49/7845c2d7bf6474efd8e27905b51b11e6ce411708c91e829b93f324de9929/pre_commit-4.4.0.tar.gz", hash = "sha256:f0233ebab440e9f17cabbb558706eb173d19ace965c68cdce2c081042b4fab15", size = 197501, upload-time = "2025-11-08T21:12:11.607Z" }
wheels = [
    { url = "https://files.pythonhosted.org/packages/27/11/574fe7d13acf30bfd0a8dd7fa1647040f2b8064f13f43e8c963b1e65093b/pre_commit-4.4.0-py2.py3-none-any.whl", hash = "sha256:b35ea52957cbf83dcc5d8ee636cbead8624e3a15fbfa61a370e42158ac8a5813", size = 226049, upload-time = "2025-11-08T21:12:10.228Z" },
]

[[package]]
name = "pyyaml"
version = "6.0.3"
source = { registry = "https://pypi.org/simple" }
sdist = { url = "https://files.pythonhosted.org/packages/05/8e/961c0007c59b8dd7729d542c61a4d537767a59645b82a0b521206e1e25c2/pyyaml-6.0.3.tar.gz", hash = "sha256:d76623373421df22fb4cf8817020cbb7ef15c725b9d5e45f17e189bfc384190f", size = 130960, upload-time = "2025-09-25T21:33:16.546Z" }
wheels = [
    { url = "https://files.pythonhosted.org/packages/f4/a0/39350dd17dd6d6c6507025c0e53aef67a9293a6d37d3511f23ea510d5800/pyyaml-6.0.3-cp310-cp310-macosx_10_13_x86_64.whl", hash = "sha256:214ed4befebe12df36bcc8bc2b64b396ca31be9304b8f59e25c11cf94a4c033b", size = 184227, upload-time = "2025-09-25T21:31:46.04Z" },
    { url = "https://files.pythonhosted.org/packages/05/14/52d505b5c59ce73244f59c7a50ecf47093ce4765f116cdb98286a71eeca2/pyyaml-6.0.3-cp310-cp310-macosx_11_0_arm64.whl", hash = "sha256:02ea2dfa234451bbb8772601d7b8e426c2bfa197136796224e50e35a78777956", size = 174019, upload-time = "2025-09-25T21:31:47.706Z" },
    { url = "https://files.pythonhosted.org/packages/43/f7/0e6a5ae5599c838c696adb4e6330a59f463265bfa1e116cfd1fbb0abaaae/pyyaml-6.0.3-cp310-cp310-manylinux2014_aarch64.manylinux_2_17_aarch64.manylinux_2_28_aarch64.whl", hash = "sha256:b30236e45cf30d2b8e7b3e85881719e98507abed1011bf463a8fa23e9c3e98a8", size = 740646, upload-time = "2025-09-25T21:31:49.21Z" },
    { url = "https://files.pythonhosted.org/packages/2f/3a/61b9db1d28f00f8fd0ae760459a5c4bf1b941baf714e207b6eb0657d2578/pyyaml-6.0.3-cp310-cp310-manylinux2014_s390x.manylinux_2_17_s390x.manylinux_2_28_s390x.whl", hash = "sha256:66291b10affd76d76f54fad28e22e51719ef9ba22b29e1d7d03d6777a9174198", size = 840793, upload-time = "2025-09-25T21:31:50.735Z" },
    { url = "https://files.pythonhosted.org/packages/7a/1e/7acc4f0e74c4b3d9531e24739e0ab832a5edf40e64fbae1a9c01941cabd7/pyyaml-6.0.3-cp310-cp310-manylinux2014_x86_64.manylinux_2_17_x86_64.manylinux_2_28_x86_64.whl", hash = "sha256:9c7708761fccb9397fe64bbc0395abcae8c4bf7b0eac081e12b809bf47700d0b", size = 770293, upload-time = "2025-09-25T21:31:51.828Z" },
    { url = "https://files.pythonhosted.org/packages/8b/ef/abd085f06853af0cd59fa5f913d61a8eab65d7639ff2a658d18a25d6a89d/pyyaml-6.0.3-cp310-cp310-musllinux_1_2_aarch64.whl", hash = "sha256:418cf3f2111bc80e0933b2cd8cd04f286338bb88bdc7bc8e6dd775ebde60b5e0", size = 732872, upload-time = "2025-09-25T21:31:53.282Z" },
    { url = "https://files.pythonhosted.org/packages/1f/15/2bc9c8faf6450a8b3c9fc5448ed869c599c0a74ba2669772b1f3a0040180/pyyaml-6.0.3-cp310-cp310-musllinux_1_2_x86_64.whl", hash = "sha256:5e0b74767e5f8c593e8c9b5912019159ed0533c70051e9cce3e8b6aa699fcd69", size = 758828, upload-time = "2025-09-25T21:31:54.807Z" },
    { url = "https://files.pythonhosted.org/packages/a3/00/531e92e88c00f4333ce359e50c19b8d1de9fe8d581b1534e35ccfbc5f393/pyyaml-6.0.3-cp310-cp310-win32.whl", hash = "sha256:28c8d926f98f432f88adc23edf2e6d4921ac26fb084b028c733d01868d19007e", size = 142415, upload-time = "2025-09-25T21:31:55.885Z" },
    { url = "https://files.pythonhosted.org/packages/2a/fa/926c003379b19fca39dd4634818b00dec6c62d87faf628d1394e137354d4/pyyaml-6.0.3-cp310-cp310-win_amd64.whl", hash = "sha256:bdb2c67c6c1390b63c6ff89f210c8fd09d9a1217a465701eac7316313c915e4c", size = 158561, upload-time = "2025-09-25T21:31:57.406Z" },
    { url = "https://files.pythonhosted.org/packages/6d/16/a95b6757765b7b031c9374925bb718d55e0a9ba8a1b6a12d25962ea44347/pyyaml-6.0.3-cp311-cp311-macosx_10_13_x86_64.whl", hash = "sha256:44edc647873928551a01e7a563d7452ccdebee747728c1080d881d68af7b997e", size = 185826, upload-time = "2025-09-25T21:31:58.655Z" },
    { url = "https://files.pythonhosted.org/packages/16/19/13de8e4377ed53079ee996e1ab0a9c33ec2faf808a4647b7b4c0d46dd239/pyyaml-6.0.3-cp311-cp311-macosx_11_0_arm64.whl", hash = "sha256:652cb6edd41e718550aad172851962662ff2681490a8a711af6a4d288dd96824", size = 175577, upload-time = "2025-09-25T21:32:00.088Z" },
    { url = "https://files.pythonhosted.org/packages/0c/62/d2eb46264d4b157dae1275b573017abec435397aa59cbcdab6fc978a8af4/pyyaml-6.0.3-cp311-cp311-manylinux2014_aarch64.manylinux_2_17_aarch64.manylinux_2_28_aarch64.whl", hash = "sha256:10892704fc220243f5305762e276552a0395f7beb4dbf9b14ec8fd43b57f126c", size = 775556, upload-time = "2025-09-25T21:32:01.31Z" },
    { url = "https://files.pythonhosted.org/packages/10/cb/16c3f2cf3266edd25aaa00d6c4350381c8b012ed6f5276675b9eba8d9ff4/pyyaml-6.0.3-cp311-cp311-manylinux2014_s390x.manylinux_2_17_s390x.manylinux_2_28_s390x.whl", hash = "sha256:850774a7879607d3a6f50d36d04f00ee69e7fc816450e5f7e58d7f17f1ae5c00", size = 882114, upload-time = "2025-09-25T21:32:03.376Z" },
    { url = "https://files.pythonhosted.org/packages/71/60/917329f640924b18ff085ab889a11c763e0b573da888e8404ff486657602/pyyaml-6.0.3-cp311-cp311-manylinux2014_x86_64.manylinux_2_17_x86_64.manylinux_2_28_x86_64.whl", hash = "sha256:b8bb0864c5a28024fac8a632c443c87c5aa6f215c0b126c449ae1a150412f31d", size = 806638, upload-time = "2025-09-25T21:32:04.553Z" },
    { url = "https://files.pythonhosted.org/packages/dd/6f/529b0f316a9fd167281a6c3826b5583e6192dba792dd55e3203d3f8e655a/pyyaml-6.0.3-cp311-cp311-musllinux_1_2_aarch64.whl", hash = "sha256:1d37d57ad971609cf3c53ba6a7e365e40660e3be0e5175fa9f2365a379d6095a", size = 767463, upload-time = "2025-09-25T21:32:06.152Z" },
    { url = "https://files.pythonhosted.org/packages/f2/6a/b627b4e0c1dd03718543519ffb2f1deea4a1e6d42fbab8021936a4d22589/pyyaml-6.0.3-cp311-cp311-musllinux_1_2_x86_64.whl", hash = "sha256:37503bfbfc9d2c40b344d06b2199cf0e96e97957ab1c1b546fd4f87e53e5d3e4", size = 794986, upload-time = "2025-09-25T21:32:07.367Z" },
    { url = "https://files.pythonhosted.org/packages/45/91/47a6e1c42d9ee337c4839208f30d9f09caa9f720ec7582917b264defc875/pyyaml-6.0.3-cp311-cp311-win32.whl", hash = "sha256:8098f252adfa6c80ab48096053f512f2321f0b998f98150cea9bd23d83e1467b", size = 142543, upload-time = "2025-09-25T21:32:08.95Z" },
    { url = "https://files.pythonhosted.org/packages/da/e3/ea007450a105ae919a72393cb06f122f288ef60bba2dc64b26e2646fa315/pyyaml-6.0.3-cp311-cp311-win_amd64.whl", hash = "sha256:9f3bfb4965eb874431221a3ff3fdcddc7e74e3b07799e0e84ca4a0f867d449bf", size = 158763, upload-time = "2025-09-25T21:32:09.96Z" },
    { url = "https://files.pythonhosted.org/packages/d1/33/422b98d2195232ca1826284a76852ad5a86fe23e31b009c9886b2d0fb8b2/pyyaml-6.0.3-cp312-cp312-macosx_10_13_x86_64.whl", hash = "sha256:7f047e29dcae44602496db43be01ad42fc6f1cc0d8cd6c83d342306c32270196", size = 182063, upload-time = "2025-09-25T21:32:11.445Z" },
    { url = "https://files.pythonhosted.org/packages/89/a0/6cf41a19a1f2f3feab0e9c0b74134aa2ce6849093d5517a0c550fe37a648/pyyaml-6.0.3-cp312-cp312-macosx_11_0_arm64.whl", hash = "sha256:fc09d0aa354569bc501d4e787133afc08552722d3ab34836a80547331bb5d4a0", size = 173973, upload-time = "2025-09-25T21:32:12.492Z" },
    { url = "https://files.pythonhosted.org/packages/ed/23/7a778b6bd0b9a8039df8b1b1d80e2e2ad78aa04171592c8a5c43a56a6af4/pyyaml-6.0.3-cp312-cp312-manylinux2014_aarch64.manylinux_2_17_aarch64.manylinux_2_28_aarch64.whl", hash = "sha256:9149cad251584d5fb4981be1ecde53a1ca46c891a79788c0df828d2f166bda28", size = 775116, upload-time = "2025-09-25T21:32:13.652Z" },
    { url = "https://files.pythonhosted.org/packages/65/30/d7353c338e12baef4ecc1b09e877c1970bd3382789c159b4f89d6a70dc09/pyyaml-6.0.3-cp312-cp312-manylinux2014_s390x.manylinux_2_17_s390x.manylinux_2_28_s390x.whl", hash = "sha256:5fdec68f91a0c6739b380c83b951e2c72ac0197ace422360e6d5a959d8d97b2c", size = 844011, upload-time = "2025-09-25T21:32:15.21Z" },
    { url = "https://files.pythonhosted.org/packages/8b/9d/b3589d3877982d4f2329302ef98a8026e7f4443c765c46cfecc8858c6b4b/pyyaml-6.0.3-cp312-cp312-manylinux2014_x86_64.manylinux_2_17_x86_64.manylinux_2_28_x86_64.whl", hash = "sha256:ba1cc08a7ccde2d2ec775841541641e4548226580ab850948cbfda66a1befcdc", size = 807870, upload-time = "2025-09-25T21:32:16.431Z" },
    { url = "https://files.pythonhosted.org/packages/05/c0/b3be26a015601b822b97d9149ff8cb5ead58c66f981e04fedf4e762f4bd4/pyyaml-6.0.3-cp312-cp312-musllinux_1_2_aarch64.whl", hash = "sha256:8dc52c23056b9ddd46818a57b78404882310fb473d63f17b07d5c40421e47f8e", size = 761089, upload-time = "2025-09-25T21:32:17.56Z" },
    { url = "https://files.pythonhosted.org/packages/be/8e/98435a21d1d4b46590d5459a22d88128103f8da4c2d4cb8f14f2a96504e1/pyyaml-6.0.3-cp312-cp312-musllinux_1_2_x86_64.whl", hash = "sha256:41715c910c881bc081f1e8872880d3c650acf13dfa8214bad49ed4cede7c34ea", size = 790181, upload-time = "2025-09-25T21:32:18.834Z" },
    { url = "https://files.pythonhosted.org/packages/74/93/7baea19427dcfbe1e5a372d81473250b379f04b1bd3c4c5ff825e2327202/pyyaml-6.0.3-cp312-cp312-win32.whl", hash = "sha256:96b533f0e99f6579b3d4d4995707cf36df9100d67e0c8303a0c55b27b5f99bc5", size = 137658, upload-time = "2025-09-25T21:32:20.209Z" },
    { url = "https://files.pythonhosted.org/packages/86/bf/899e81e4cce32febab4fb42bb97dcdf66bc135272882d1987881a4b519e9/pyyaml-6.0.3-cp312-cp312-win_amd64.whl", hash = "sha256:5fcd34e47f6e0b794d17de1b4ff496c00986e1c83f7ab2fb8fcfe9616ff7477b", size = 154003, upload-time = "2025-09-25T21:32:21.167Z" },
    { url = "https://files.pythonhosted.org/packages/1a/08/67bd04656199bbb51dbed1439b7f27601dfb576fb864099c7ef0c3e55531/pyyaml-6.0.3-cp312-cp312-win_arm64.whl", hash = "sha256:64386e5e707d03a7e172c0701abfb7e10f0fb753ee1d773128192742712a98fd", size = 140344, upload-time = "2025-09-25T21:32:22.617Z" },
    { url = "https://files.pythonhosted.org/packages/d1/11/0fd08f8192109f7169db964b5707a2f1e8b745d4e239b784a5a1dd80d1db/pyyaml-6.0.3-cp313-cp313-macosx_10_13_x86_64.whl", hash = "sha256:8da9669d359f02c0b91ccc01cac4a67f16afec0dac22c2ad09f46bee0697eba8", size = 181669, upload-time = "2025-09-25T21:32:23.673Z" },
    { url = "https://files.pythonhosted.org/packages/b1/16/95309993f1d3748cd644e02e38b75d50cbc0d9561d21f390a76242ce073f/pyyaml-6.0.3-cp313-cp313-macosx_11_0_arm64.whl", hash = "sha256:2283a07e2c21a2aa78d9c4442724ec1eb15f5e42a723b99cb3d822d48f5f7ad1", size = 173252, upload-time = "2025-09-25T21:32:25.149Z" },
    { url = "https://files.pythonhosted.org/packages/50/31/b20f376d3f810b9b2371e72ef5adb33879b25edb7a6d072cb7ca0c486398/pyyaml-6.0.3-cp313-cp313-manylinux2014_aarch64.manylinux_2_17_aarch64.manylinux_2_28_aarch64.whl", hash = "sha256:ee2922902c45ae8ccada2c5b501ab86c36525b883eff4255313a253a3160861c", size = 767081, upload-time = "2025-09-25T21:32:26.575Z" },
    { url = "https://files.pythonhosted.org/packages/49/1e/a55ca81e949270d5d4432fbbd19dfea5321eda7c41a849d443dc92fd1ff7/pyyaml-6.0.3-cp313-cp313-manylinux2014_s390x.manylinux_2_17_s390x.manylinux_2_28_s390x.whl", hash = "sha256:a33284e20b78bd4a18c8c2282d549d10bc8408a2a7ff57653c0cf0b9be0afce5", size = 841159, upload-time = "2025-09-25T21:32:27.727Z" },
    { url = "https://files.pythonhosted.org/packages/74/27/e5b8f34d02d9995b80abcef563ea1f8b56d20134d8f4e5e81733b1feceb2/pyyaml-6.0.3-cp313-cp313-manylinux2014_x86_64.manylinux_2_17_x86_64.manylinux_2_28_x86_64.whl", hash = "sha256:0f29edc409a6392443abf94b9cf89ce99889a1dd5376d94316ae5145dfedd5d6", size = 801626, upload-time = "2025-09-25T21:32:28.878Z" },
    { url = "https://files.pythonhosted.org/packages/f9/11/ba845c23988798f40e52ba45f34849aa8a1f2d4af4b798588010792ebad6/pyyaml-6.0.3-cp313-cp313-musllinux_1_2_aarch64.whl", hash = "sha256:f7057c9a337546edc7973c0d3ba84ddcdf0daa14533c2065749c9075001090e6", size = 753613, upload-time = "2025-09-25T21:32:30.178Z" },
    { url = "https://files.pythonhosted.org/packages/3d/e0/7966e1a7bfc0a45bf0a7fb6b98ea03fc9b8d84fa7f2229e9659680b69ee3/pyyaml-6.0.3-cp313-cp313-musllinux_1_2_x86_64.whl", hash = "sha256:eda16858a3cab07b80edaf74336ece1f986ba330fdb8ee0d6c0d68fe82bc96be", size = 794115, upload-time = "2025-09-25T21:32:31.353Z" },
    { url = "https://files.pythonhosted.org/packages/de/94/980b50a6531b3019e45ddeada0626d45fa85cbe22300844a7983285bed3b/pyyaml-6.0.3-cp313-cp313-win32.whl", hash = "sha256:d0eae10f8159e8fdad514efdc92d74fd8d682c933a6dd088030f3834bc8e6b26", size = 137427, upload-time = "2025-09-25T21:32:32.58Z" },
    { url = "https://files.pythonhosted.org/packages/97/c9/39d5b874e8b28845e4ec2202b5da735d0199dbe5b8fb85f91398814a9a46/pyyaml-6.0.3-cp313-cp313-win_amd64.whl", hash = "sha256:79005a0d97d5ddabfeeea4cf676af11e647e41d81c9a7722a193022accdb6b7c", size = 154090, upload-time = "2025-09-25T21:32:33.659Z" },
    { url = "https://files.pythonhosted.org/packages/73/e8/2bdf3ca2090f68bb3d75b44da7bbc71843b19c9f2b9cb9b0f4ab7a5a4329/pyyaml-6.0.3-cp313-cp313-win_arm64.whl", hash = "sha256:5498cd1645aa724a7c71c8f378eb29ebe23da2fc0d7a08071d89469bf1d2defb", size = 140246, upload-time = "2025-09-25T21:32:34.663Z" },
    { url = "https://files.pythonhosted.org/packages/9d/8c/f4bd7f6465179953d3ac9bc44ac1a8a3e6122cf8ada906b4f96c60172d43/pyyaml-6.0.3-cp314-cp314-macosx_10_13_x86_64.whl", hash = "sha256:8d1fab6bb153a416f9aeb4b8763bc0f22a5586065f86f7664fc23339fc1c1fac", size = 181814, upload-time = "2025-09-25T21:32:35.712Z" },
    { url = "https://files.pythonhosted.org/packages/bd/9c/4d95bb87eb2063d20db7b60faa3840c1b18025517ae857371c4dd55a6b3a/pyyaml-6.0.3-cp314-cp314-macosx_11_0_arm64.whl", hash = "sha256:34d5fcd24b8445fadc33f9cf348c1047101756fd760b4dacb5c3e99755703310", size = 173809, upload-time = "2025-09-25T21:32:36.789Z" },
    { url = "https://files.pythonhosted.org/packages/92/b5/47e807c2623074914e29dabd16cbbdd4bf5e9b2db9f8090fa64411fc5382/pyyaml-6.0.3-cp314-cp314-manylinux2014_aarch64.manylinux_2_17_aarch64.manylinux_2_28_aarch64.whl", hash = "sha256:501a031947e3a9025ed4405a168e6ef5ae3126c59f90ce0cd6f2bfc477be31b7", size = 766454, upload-time = "2025-09-25T21:32:37.966Z" },
    { url = "https://files.pythonhosted.org/packages/02/9e/e5e9b168be58564121efb3de6859c452fccde0ab093d8438905899a3a483/pyyaml-6.0.3-cp314-cp314-manylinux2014_s390x.manylinux_2_17_s390x.manylinux_2_28_s390x.whl", hash = "sha256:b3bc83488de33889877a0f2543ade9f70c67d66d9ebb4ac959502e12de895788", size = 836355, upload-time = "2025-09-25T21:32:39.178Z" },
    { url = "https://files.pythonhosted.org/packages/88/f9/16491d7ed2a919954993e48aa941b200f38040928474c9e85ea9e64222c3/pyyaml-6.0.3-cp314-cp314-manylinux2014_x86_64.manylinux_2_17_x86_64.manylinux_2_28_x86_64.whl", hash = "sha256:c458b6d084f9b935061bc36216e8a69a7e293a2f1e68bf956dcd9e6cbcd143f5", size = 794175, upload-time = "2025-09-25T21:32:40.865Z" },
    { url = "https://files.pythonhosted.org/packages/dd/3f/5989debef34dc6397317802b527dbbafb2b4760878a53d4166579111411e/pyyaml-6.0.3-cp314-cp314-musllinux_1_2_aarch64.whl", hash = "sha256:7c6610def4f163542a622a73fb39f534f8c101d690126992300bf3207eab9764", size = 755228, upload-time = "2025-09-25T21:32:42.084Z" },
    { url = "https://files.pythonhosted.org/packages/d7/ce/af88a49043cd2e265be63d083fc75b27b6ed062f5f9fd6cdc223ad62f03e/pyyaml-6.0.3-cp314-cp314-musllinux_1_2_x86_64.whl", hash = "sha256:5190d403f121660ce8d1d2c1bb2ef1bd05b5f68533fc5c2ea899bd15f4399b35", size = 789194, upload-time = "2025-09-25T21:32:43.362Z" },
    { url = "https://files.pythonhosted.org/packages/23/20/bb6982b26a40bb43951265ba29d4c246ef0ff59c9fdcdf0ed04e0687de4d/pyyaml-6.0.3-cp314-cp314-win_amd64.whl", hash = "sha256:4a2e8cebe2ff6ab7d1050ecd59c25d4c8bd7e6f400f5f82b96557ac0abafd0ac", size = 156429, upload-time = "2025-09-25T21:32:57.844Z" },
    { url = "https://files.pythonhosted.org/packages/f4/f4/a4541072bb9422c8a883ab55255f918fa378ecf083f5b85e87fc2b4eda1b/pyyaml-6.0.3-cp314-cp314-win_arm64.whl", hash = "sha256:93dda82c9c22deb0a405ea4dc5f2d0cda384168e466364dec6255b293923b2f3", size = 143912, upload-time = "2025-09-25T21:32:59.247Z" },
    { url = "https://files.pythonhosted.org/packages/7c/f9/07dd09ae774e4616edf6cda684ee78f97777bdd15847253637a6f052a62f/pyyaml-6.0.3-cp314-cp314t-macosx_10_13_x86_64.whl", hash = "sha256:02893d100e99e03eda1c8fd5c441d8c60103fd175728e23e431db1b589cf5ab3", size = 189108, upload-time = "2025-09-25T21:32:44.377Z" },
    { url = "https://files.pythonhosted.org/packages/4e/78/8d08c9fb7ce09ad8c38ad533c1191cf27f7ae1effe5bb9400a46d9437fcf/pyyaml-6.0.3-cp314-cp314t-macosx_11_0_arm64.whl", hash = "sha256:c1ff362665ae507275af2853520967820d9124984e0f7466736aea23d8611fba", size = 183641, upload-time = "2025-09-25T21:32:45.407Z" },
    { url = "https://files.pythonhosted.org/packages/7b/5b/3babb19104a46945cf816d047db2788bcaf8c94527a805610b0289a01c6b/pyyaml-6.0.3-cp314-cp314t-manylinux2014_aarch64.manylinux_2_17_aarch64.manylinux_2_28_aarch64.whl", hash = "sha256:6adc77889b628398debc7b65c073bcb99c4a0237b248cacaf3fe8a557563ef6c", size = 831901, upload-time = "2025-09-25T21:32:48.83Z" },
    { url = "https://files.pythonhosted.org/packages/8b/cc/dff0684d8dc44da4d22a13f35f073d558c268780ce3c6ba1b87055bb0b87/pyyaml-6.0.3-cp314-cp314t-manylinux2014_s390x.manylinux_2_17_s390x.manylinux_2_28_s390x.whl", hash = "sha256:a80cb027f6b349846a3bf6d73b5e95e782175e52f22108cfa17876aaeff93702", size = 861132, upload-time = "2025-09-25T21:32:50.149Z" },
    { url = "https://files.pythonhosted.org/packages/b1/5e/f77dc6b9036943e285ba76b49e118d9ea929885becb0a29ba8a7c75e29fe/pyyaml-6.0.3-cp314-cp314t-manylinux2014_x86_64.manylinux_2_17_x86_64.manylinux_2_28_x86_64.whl", hash = "sha256:00c4bdeba853cc34e7dd471f16b4114f4162dc03e6b7afcc2128711f0eca823c", size = 839261, upload-time = "2025-09-25T21:32:51.808Z" },
    { url = "https://files.pythonhosted.org/packages/ce/88/a9db1376aa2a228197c58b37302f284b5617f56a5d959fd1763fb1675ce6/pyyaml-6.0.3-cp314-cp314t-musllinux_1_2_aarch64.whl", hash = "sha256:66e1674c3ef6f541c35191caae2d429b967b99e02040f5ba928632d9a7f0f065", size = 805272, upload-time = "2025-09-25T21:32:52.941Z" },
    { url = "https://files.pythonhosted.org/packages/da/92/1446574745d74df0c92e6aa4a7b0b3130706a4142b2d1a5869f2eaa423c6/pyyaml-6.0.3-cp314-cp314t-musllinux_1_2_x86_64.whl", hash = "sha256:16249ee61e95f858e83976573de0f5b2893b3677ba71c9dd36b9cf8be9ac6d65", size = 829923, upload-time = "2025-09-25T21:32:54.537Z" },
    { url = "https://files.pythonhosted.org/packages/f0/7a/1c7270340330e575b92f397352af856a8c06f230aa3e76f86b39d01b416a/pyyaml-6.0.3-cp314-cp314t-win_amd64.whl", hash = "sha256:4ad1906908f2f5ae4e5a8ddfce73c320c2a1429ec52eafd27138b7f1cbe341c9", size = 174062, upload-time = "2025-09-25T21:32:55.767Z" },
    { url = "https://files.pythonhosted.org/packages/f1/12/de94a39c2ef588c7e6455cfbe7343d3b2dc9d6b6b2f40c4c6565744c873d/pyyaml-6.0.3-cp314-cp314t-win_arm64.whl", hash = "sha256:ebc55a14a21cb14062aa4162f906cd962b28e2e9ea38f9b4391244cd8de4ae0b", size = 149341, upload-time = "2025-09-25T21:32:56.828Z" },
]

[[package]]
name = "typing-extensions"
version = "4.15.0"
source = { registry = "https://pypi.org/simple" }
sdist = { url = "https://files.pythonhosted.org/packages/72/94/1a15dd82efb362ac84269196e94cf00f187f7ed21c242792a923cdb1c61f/typing_extensions-4.15.0.tar.gz", hash = "sha256:0cea48d173cc12fa28ecabc3b837ea3cf6f38c6d1136f85cbaaf598984861466", size = 109391, upload-time = "2025-08-25T13:49:26.313Z" }
wheels = [
    { url = "https://files.pythonhosted.org/packages/18/67/36e9267722cc04a6b9f15c7f3441c2363321a3ea07da7ae0c0707beb2a9c/typing_extensions-4.15.0-py3-none-any.whl", hash = "sha256:f0fa19c6845758ab08074a0cfa8b7aecb71c999ca73d62883bc25cc018c4e548", size = 44614, upload-time = "2025-08-25T13:49:24.86Z" },
]

[[package]]
name = "virtualenv"
version = "20.35.4"
source = { registry = "https://pypi.org/simple" }
dependencies = [
    { name = "distlib" },
    { name = "filelock" },
    { name = "platformdirs" },
    { name = "typing-extensions", marker = "python_full_version < '3.11'" },
]
sdist = { url = "https://files.pythonhosted.org/packages/20/28/e6f1a6f655d620846bd9df527390ecc26b3805a0c5989048c210e22c5ca9/virtualenv-20.35.4.tar.gz", hash = "sha256:643d3914d73d3eeb0c552cbb12d7e82adf0e504dbf86a3182f8771a153a1971c", size = 6028799, upload-time = "2025-10-29T06:57:40.511Z" }
wheels = [
    { url = "https://files.pythonhosted.org/packages/79/0c/c05523fa3181fdf0c9c52a6ba91a23fbf3246cc095f26f6516f9c60e6771/virtualenv-20.35.4-py3-none-any.whl", hash = "sha256:c21c9cede36c9753eeade68ba7d523529f228a403463376cf821eaae2b650f1b", size = 6005095, upload-time = "2025-10-29T06:57:37.598Z" },
]
